
Microsoft Visual Studio Solution File, Format Version 12.00
# Visual Studio Version 17
VisualStudioVersion = 17.14.36511.14
MinimumVisualStudioVersion = 10.0.40219.1
Project("{FAE04EC0-301F-11D3-BF4B-00C04F79EFBC}") = "Gateway", "ErpResources\Gateway.csproj", "{E799ACED-20BB-4987-AB73-46C1F7DB635C}"
EndProject
Project("{2150E333-8FDC-42A3-9474-1A3956D46DE8}") = "Solution Items", "Solution Items", "{8EC462FD-D22E-90A8-E5CE-7E832BA40C5D}"
	ProjectSection(SolutionItems) = preProject
		.editorconfig = .editorconfig
		.gitignore = .gitignore
		Directory.Build.props = Directory.Build.props
		Directory.Packages.props = Directory.Packages.props
		docker-compose.yml = docker-compose.yml
	EndProjectSection
EndProject
Project("{FAE04EC0-301F-11D3-BF4B-00C04F79EFBC}") = "Core", "Core\Core.csproj", "{301BDC2C-DF1B-4FFD-A404-3C39F56D676D}"
EndProject
Project("{2150E333-8FDC-42A3-9474-1A3956D46DE8}") = "Backend", "Backend", "{02EA681E-C7D8-13C7-8484-4AC65E1B71E8}"
EndProject
Project("{FAE04EC0-301F-11D3-BF4B-00C04F79EFBC}") = "ErpResources.Tests", "ErpResources.Tests\ErpResources.Tests.csproj", "{96C639C9-02F8-4741-881B-697B550D9991}"
EndProject
Project("{54A90642-561A-4BB1-A94E-469ADEE60C69}") = "Client", "Client\Client.esproj", "{FC2F2FE3-FB33-23FB-A5BF-E89DF46F65B4}"
EndProject
Project("{2150E333-8FDC-42A3-9474-1A3956D46DE8}") = "Frontend", "Frontend", "{B49B75CA-4E5F-409E-B76C-B5EA0590AB97}"
EndProject
Global
	GlobalSection(SolutionConfigurationPlatforms) = preSolution
		Debug|Any CPU = Debug|Any CPU
		Release|Any CPU = Release|Any CPU
	EndGlobalSection
	GlobalSection(ProjectConfigurationPlatforms) = postSolution
		{E799ACED-20BB-4987-AB73-46C1F7DB635C}.Debug|Any CPU.ActiveCfg = Debug|Any CPU
		{E799ACED-20BB-4987-AB73-46C1F7DB635C}.Debug|Any CPU.Build.0 = Debug|Any CPU
		{E799ACED-20BB-4987-AB73-46C1F7DB635C}.Release|Any CPU.ActiveCfg = Release|Any CPU
		{E799ACED-20BB-4987-AB73-46C1F7DB635C}.Release|Any CPU.Build.0 = Release|Any CPU
		{301BDC2C-DF1B-4FFD-A404-3C39F56D676D}.Debug|Any CPU.ActiveCfg = Debug|Any CPU
		{301BDC2C-DF1B-4FFD-A404-3C39F56D676D}.Debug|Any CPU.Build.0 = Debug|Any CPU
		{301BDC2C-DF1B-4FFD-A404-3C39F56D676D}.Release|Any CPU.ActiveCfg = Release|Any CPU
		{301BDC2C-DF1B-4FFD-A404-3C39F56D676D}.Release|Any CPU.Build.0 = Release|Any CPU
		{96C639C9-02F8-4741-881B-697B550D9991}.Debug|Any CPU.ActiveCfg = Debug|Any CPU
		{96C639C9-02F8-4741-881B-697B550D9991}.Debug|Any CPU.Build.0 = Debug|Any CPU
		{96C639C9-02F8-4741-881B-697B550D9991}.Release|Any CPU.ActiveCfg = Release|Any CPU
		{96C639C9-02F8-4741-881B-697B550D9991}.Release|Any CPU.Build.0 = Release|Any CPU
		{FC2F2FE3-FB33-23FB-A5BF-E89DF46F65B4}.Debug|Any CPU.ActiveCfg = Debug|Any CPU
		{FC2F2FE3-FB33-23FB-A5BF-E89DF46F65B4}.Debug|Any CPU.Build.0 = Debug|Any CPU
		{FC2F2FE3-FB33-23FB-A5BF-E89DF46F65B4}.Debug|Any CPU.Deploy.0 = Debug|Any CPU
		{FC2F2FE3-FB33-23FB-A5BF-E89DF46F65B4}.Release|Any CPU.ActiveCfg = Release|Any CPU
		{FC2F2FE3-FB33-23FB-A5BF-E89DF46F65B4}.Release|Any CPU.Build.0 = Release|Any CPU
		{FC2F2FE3-FB33-23FB-A5BF-E89DF46F65B4}.Release|Any CPU.Deploy.0 = Release|Any CPU
	EndGlobalSection
	GlobalSection(SolutionProperties) = preSolution
		HideSolutionNode = FALSE
	EndGlobalSection
	GlobalSection(NestedProjects) = preSolution
		{E799ACED-20BB-4987-AB73-46C1F7DB635C} = {02EA681E-C7D8-13C7-8484-4AC65E1B71E8}
		{301BDC2C-DF1B-4FFD-A404-3C39F56D676D} = {02EA681E-C7D8-13C7-8484-4AC65E1B71E8}
		{96C639C9-02F8-4741-881B-697B550D9991} = {02EA681E-C7D8-13C7-8484-4AC65E1B71E8}
		{FC2F2FE3-FB33-23FB-A5BF-E89DF46F65B4} = {B49B75CA-4E5F-409E-B76C-B5EA0590AB97}
	EndGlobalSection
	GlobalSection(ExtensibilityGlobals) = postSolution
		SolutionGuid = {9A3D03D0-211D-4819-86AD-B5190832A184}
	EndGlobalSection
EndGlobal
